
Microsoft Visual Studio Solution File, Format Version 12.00
# Visual Studio 15
VisualStudioVersion = 15.0.28307.572
MinimumVisualStudioVersion = 10.0.40219.1
Project("{FAE04EC0-301F-11D3-BF4B-00C04F79EFBC}") = "Hospital IS", "Hospital\Hospital IS.csproj", "{7183796C-DFAC-47B8-8273-64656B6AC750}"
EndProject
Global
	GlobalSection(SolutionConfigurationPlatforms) = preSolution
		Debug|Any CPU = Debug|Any CPU
		Release|Any CPU = Release|Any CPU
	EndGlobalSection
	GlobalSection(ProjectConfigurationPlatforms) = postSolution
		{7183796C-DFAC-47B8-8273-64656B6AC750}.Debug|Any CPU.ActiveCfg = Debug|Any CPU
		{7183796C-DFAC-47B8-8273-64656B6AC750}.Debug|Any CPU.Build.0 = Debug|Any CPU
		{7183796C-DFAC-47B8-8273-64656B6AC750}.Release|Any CPU.ActiveCfg = Release|Any CPU
		{7183796C-DFAC-47B8-8273-64656B6AC750}.Release|Any CPU.Build.0 = Release|Any CPU
	EndGlobalSection
	GlobalSection(SolutionProperties) = preSolution
		HideSolutionNode = FALSE
	EndGlobalSection
	GlobalSection(ExtensibilityGlobals) = postSolution
		SolutionGuid = {CB0CF081-0AB3-4F50-A057-F99ED918CFD1}
	EndGlobalSection
EndGlobal
